
Microsoft Visual Studio Solution File, Format Version 12.00
# Visual Studio Version 17
VisualStudioVersion = 17.4.33213.308
MinimumVisualStudioVersion = 10.0.40219.1
Project("{FAE04EC0-301F-11D3-BF4B-00C04F79EFBC}") = "StorkEngineApi", "StorkEngineApi\StorkEngineApi.csproj", "{9F812B21-3F3E-453D-9FAE-F1A26C98BE2A}"
EndProject
Global
	GlobalSection(SolutionConfigurationPlatforms) = preSolution
		Debug|Any CPU = Debug|Any CPU
		Release|Any CPU = Release|Any CPU
	EndGlobalSection
	GlobalSection(ProjectConfigurationPlatforms) = postSolution
		{9F812B21-3F3E-453D-9FAE-F1A26C98BE2A}.Debug|Any CPU.ActiveCfg = Debug|Any CPU
		{9F812B21-3F3E-453D-9FAE-F1A26C98BE2A}.Debug|Any CPU.Build.0 = Debug|Any CPU
		{9F812B21-3F3E-453D-9FAE-F1A26C98BE2A}.Release|Any CPU.ActiveCfg = Release|Any CPU
		{9F812B21-3F3E-453D-9FAE-F1A26C98BE2A}.Release|Any CPU.Build.0 = Release|Any CPU
	EndGlobalSection
	GlobalSection(SolutionProperties) = preSolution
		HideSolutionNode = FALSE
	EndGlobalSection
	GlobalSection(ExtensibilityGlobals) = postSolution
		SolutionGuid = {17D98A8B-3E8F-49C8-A525-85AE24AF5D61}
	EndGlobalSection
EndGlobal
