
Microsoft Visual Studio Solution File, Format Version 12.00
# Visual Studio Version 17
VisualStudioVersion = 17.4.33213.308
MinimumVisualStudioVersion = 10.0.40219.1
Project("{9A19103F-16F7-4668-BE54-9A1E7A4F7556}") = "UCIApi", "UCIApi\UCIApi.csproj", "{26F3D582-A14B-4035-A165-B4B35E96D8BD}"
EndProject
Project("{FAE04EC0-301F-11D3-BF4B-00C04F79EFBC}") = "StorkEngine", "StorkEngine\StorkEngine.csproj", "{4EF86417-C5CD-4976-8A21-E5780A59AA95}"
EndProject
Global
	GlobalSection(SolutionConfigurationPlatforms) = preSolution
		Debug|Any CPU = Debug|Any CPU
		Release|Any CPU = Release|Any CPU
	EndGlobalSection
	GlobalSection(ProjectConfigurationPlatforms) = postSolution
		{26F3D582-A14B-4035-A165-B4B35E96D8BD}.Debug|Any CPU.ActiveCfg = Debug|Any CPU
		{26F3D582-A14B-4035-A165-B4B35E96D8BD}.Debug|Any CPU.Build.0 = Debug|Any CPU
		{26F3D582-A14B-4035-A165-B4B35E96D8BD}.Release|Any CPU.ActiveCfg = Release|Any CPU
		{26F3D582-A14B-4035-A165-B4B35E96D8BD}.Release|Any CPU.Build.0 = Release|Any CPU
		{4EF86417-C5CD-4976-8A21-E5780A59AA95}.Debug|Any CPU.ActiveCfg = Debug|Any CPU
		{4EF86417-C5CD-4976-8A21-E5780A59AA95}.Debug|Any CPU.Build.0 = Debug|Any CPU
		{4EF86417-C5CD-4976-8A21-E5780A59AA95}.Release|Any CPU.ActiveCfg = Release|Any CPU
		{4EF86417-C5CD-4976-8A21-E5780A59AA95}.Release|Any CPU.Build.0 = Release|Any CPU
	EndGlobalSection
	GlobalSection(SolutionProperties) = preSolution
		HideSolutionNode = FALSE
	EndGlobalSection
	GlobalSection(ExtensibilityGlobals) = postSolution
		SolutionGuid = {E4D77FB6-2D1A-4348-A85D-A3C040D977AD}
	EndGlobalSection
EndGlobal
