
Microsoft Visual Studio Solution File, Format Version 12.00
# Visual Studio Version 17
VisualStudioVersion = 17.4.33213.308
MinimumVisualStudioVersion = 10.0.40219.1
Project("{FAE04EC0-301F-11D3-BF4B-00C04F79EFBC}") = "StorkChessEngine", "StorkChessEngine\StorkChessEngine.csproj", "{B2238065-B51E-482A-9279-AA31223DE9E6}"
EndProject
Global
	GlobalSection(SolutionConfigurationPlatforms) = preSolution
		Debug|Any CPU = Debug|Any CPU
		Release|Any CPU = Release|Any CPU
	EndGlobalSection
	GlobalSection(ProjectConfigurationPlatforms) = postSolution
		{B2238065-B51E-482A-9279-AA31223DE9E6}.Debug|Any CPU.ActiveCfg = Debug|Any CPU
		{B2238065-B51E-482A-9279-AA31223DE9E6}.Debug|Any CPU.Build.0 = Debug|Any CPU
		{B2238065-B51E-482A-9279-AA31223DE9E6}.Release|Any CPU.ActiveCfg = Release|Any CPU
		{B2238065-B51E-482A-9279-AA31223DE9E6}.Release|Any CPU.Build.0 = Release|Any CPU
	EndGlobalSection
	GlobalSection(SolutionProperties) = preSolution
		HideSolutionNode = FALSE
	EndGlobalSection
	GlobalSection(ExtensibilityGlobals) = postSolution
		SolutionGuid = {E4D77FB6-2D1A-4348-A85D-A3C040D977AD}
	EndGlobalSection
EndGlobal
